
Microsoft Visual Studio Solution File, Format Version 12.00
# Visual Studio 15
VisualStudioVersion = 15.0.27130.2010
MinimumVisualStudioVersion = 10.0.40219.1
Project("{8BC9CEB8-8B4A-11D0-8D11-00A0C91BC942}") = "posSystem", "posSystem\posSystem.vcxproj", "{8458068B-B486-4D6C-ACD8-4B4D51488E31}"
EndProject
Global
	GlobalSection(SolutionConfigurationPlatforms) = preSolution
		Debug|x64 = Debug|x64
		Debug|x86 = Debug|x86
		Release|x64 = Release|x64
		Release|x86 = Release|x86
	EndGlobalSection
	GlobalSection(ProjectConfigurationPlatforms) = postSolution
		{8458068B-B486-4D6C-ACD8-4B4D51488E31}.Debug|x64.ActiveCfg = Debug|x64
		{8458068B-B486-4D6C-ACD8-4B4D51488E31}.Debug|x64.Build.0 = Debug|x64
		{8458068B-B486-4D6C-ACD8-4B4D51488E31}.Debug|x86.ActiveCfg = Debug|Win32
		{8458068B-B486-4D6C-ACD8-4B4D51488E31}.Debug|x86.Build.0 = Debug|Win32
		{8458068B-B486-4D6C-ACD8-4B4D51488E31}.Release|x64.ActiveCfg = Release|x64
		{8458068B-B486-4D6C-ACD8-4B4D51488E31}.Release|x64.Build.0 = Release|x64
		{8458068B-B486-4D6C-ACD8-4B4D51488E31}.Release|x86.ActiveCfg = Release|Win32
		{8458068B-B486-4D6C-ACD8-4B4D51488E31}.Release|x86.Build.0 = Release|Win32
	EndGlobalSection
	GlobalSection(SolutionProperties) = preSolution
		HideSolutionNode = FALSE
	EndGlobalSection
	GlobalSection(ExtensibilityGlobals) = postSolution
		SolutionGuid = {CAE23672-2EA1-4A73-914D-57564559A72B}
	EndGlobalSection
EndGlobal
